{"is_source_file": true, "file_id": 18, "git_revision": "48f3b3c1311ef91d1d411845d3c401c662ee8c04", "state": 1, "description": "", "external_files": [], "external_methods": [], "published": [], "classes": [], "methods": [], "calls": [], "search-terms": [], "filename": "/home/kavia/workspace/code-generation/reactquizpro-93323-93328/reactquizpro/post_process_status.lock", "hash": "e9b4c3b42cef0193b7fddb548d37e652", "format-version": 4, "code-base-name": "default", "knowledge_revision": 36}